
Microsoft Visual Studio Solution File, Format Version 12.00
# Visual Studio Version 17
VisualStudioVersion = 17.9.34607.119
MinimumVisualStudioVersion = 10.0.40219.1
Project("{FAE04EC0-301F-11D3-BF4B-00C04F79EFBC}") = "WPF_TRIP", "WPF_TRIP\WPF_TRIP.csproj", "{3B6389C4-9295-4BA7-9C35-13828234EFD4}"
EndProject
Global
	GlobalSection(SolutionConfigurationPlatforms) = preSolution
		Debug|Any CPU = Debug|Any CPU
		Release|Any CPU = Release|Any CPU
	EndGlobalSection
	GlobalSection(ProjectConfigurationPlatforms) = postSolution
		{3B6389C4-9295-4BA7-9C35-13828234EFD4}.Debug|Any CPU.ActiveCfg = Debug|Any CPU
		{3B6389C4-9295-4BA7-9C35-13828234EFD4}.Debug|Any CPU.Build.0 = Debug|Any CPU
		{3B6389C4-9295-4BA7-9C35-13828234EFD4}.Release|Any CPU.ActiveCfg = Release|Any CPU
		{3B6389C4-9295-4BA7-9C35-13828234EFD4}.Release|Any CPU.Build.0 = Release|Any CPU
	EndGlobalSection
	GlobalSection(SolutionProperties) = preSolution
		HideSolutionNode = FALSE
	EndGlobalSection
	GlobalSection(ExtensibilityGlobals) = postSolution
		SolutionGuid = {764FB786-48BF-4CA5-BE3B-952FF8B0CCDA}
	EndGlobalSection
EndGlobal
