
Microsoft Visual Studio Solution File, Format Version 12.00
# Visual Studio Version 17
VisualStudioVersion = 17.9.34607.119
MinimumVisualStudioVersion = 10.0.40219.1
Project("{FAE04EC0-301F-11D3-BF4B-00C04F79EFBC}") = "ex01_wpf_start", "ex01_wpf_start\ex01_wpf_start.csproj", "{65103363-53E8-4175-8E7D-A38369FAD80B}"
EndProject
Project("{FAE04EC0-301F-11D3-BF4B-00C04F79EFBC}") = "ex02_wpf_controls", "ex02_wpf_controls\ex02_wpf_controls.csproj", "{22699120-A0BB-41A2-ACE1-C8C1E8714CFE}"
EndProject
Project("{FAE04EC0-301F-11D3-BF4B-00C04F79EFBC}") = "ex03_wpf_again", "ex03_wpf_again\ex03_wpf_again.csproj", "{6975851D-D63E-43FC-A90F-48168993C190}"
EndProject
Project("{FAE04EC0-301F-11D3-BF4B-00C04F79EFBC}") = "ex04_wpf_bikeshop", "ex04_wpf_bikeshop\ex04_wpf_bikeshop.csproj", "{1153DA56-75D1-4043-BB33-71B95CA2A5B8}"
EndProject
Global
	GlobalSection(SolutionConfigurationPlatforms) = preSolution
		Debug|Any CPU = Debug|Any CPU
		Release|Any CPU = Release|Any CPU
	EndGlobalSection
	GlobalSection(ProjectConfigurationPlatforms) = postSolution
		{65103363-53E8-4175-8E7D-A38369FAD80B}.Debug|Any CPU.ActiveCfg = Debug|Any CPU
		{65103363-53E8-4175-8E7D-A38369FAD80B}.Debug|Any CPU.Build.0 = Debug|Any CPU
		{65103363-53E8-4175-8E7D-A38369FAD80B}.Release|Any CPU.ActiveCfg = Release|Any CPU
		{65103363-53E8-4175-8E7D-A38369FAD80B}.Release|Any CPU.Build.0 = Release|Any CPU
		{22699120-A0BB-41A2-ACE1-C8C1E8714CFE}.Debug|Any CPU.ActiveCfg = Debug|Any CPU
		{22699120-A0BB-41A2-ACE1-C8C1E8714CFE}.Debug|Any CPU.Build.0 = Debug|Any CPU
		{22699120-A0BB-41A2-ACE1-C8C1E8714CFE}.Release|Any CPU.ActiveCfg = Release|Any CPU
		{22699120-A0BB-41A2-ACE1-C8C1E8714CFE}.Release|Any CPU.Build.0 = Release|Any CPU
		{6975851D-D63E-43FC-A90F-48168993C190}.Debug|Any CPU.ActiveCfg = Debug|Any CPU
		{6975851D-D63E-43FC-A90F-48168993C190}.Debug|Any CPU.Build.0 = Debug|Any CPU
		{6975851D-D63E-43FC-A90F-48168993C190}.Release|Any CPU.ActiveCfg = Release|Any CPU
		{6975851D-D63E-43FC-A90F-48168993C190}.Release|Any CPU.Build.0 = Release|Any CPU
		{1153DA56-75D1-4043-BB33-71B95CA2A5B8}.Debug|Any CPU.ActiveCfg = Debug|Any CPU
		{1153DA56-75D1-4043-BB33-71B95CA2A5B8}.Debug|Any CPU.Build.0 = Debug|Any CPU
		{1153DA56-75D1-4043-BB33-71B95CA2A5B8}.Release|Any CPU.ActiveCfg = Release|Any CPU
		{1153DA56-75D1-4043-BB33-71B95CA2A5B8}.Release|Any CPU.Build.0 = Release|Any CPU
	EndGlobalSection
	GlobalSection(SolutionProperties) = preSolution
		HideSolutionNode = FALSE
	EndGlobalSection
	GlobalSection(ExtensibilityGlobals) = postSolution
		SolutionGuid = {FA98B7F3-9EE5-45E1-9D01-01A8A0808D72}
	EndGlobalSection
EndGlobal
